github.com/fxamacker/cbor/v2 v2.5.0 h1:oHsG0V/Q6E/wqTS2O1Cozzsy69nqCiguo5Q1a1ADivE=
github.com/fxamacker/cbor/v2 v2.5.0/go.mod h1:TA1xS00nchWmaBnEIxPSE5oHLuJBAVvqrtAnWBwBCVo=
github.com/x448/float16 v0.8.4 h1:qLwI1I70+NjRFUR3zs1JPUCgaCXSh3SW62uAKT1mSBM=
github.com/x448/float16 v0.8.4/go.mod h1:14CWIYCyZA/cWjXOioeEpHeN/83MdbZDRQHoFcYsOfg=
go.arcalot.io/assert v1.4.0 h1:X7ptZSl4WrB+jUn53Kzvp3aPWCSsCgUp4iW2wdLEOv4=
go.arcalot.io/assert v1.4.0/go.mod h1:Xy3ScX0p9IMY89gdsgexOKxnmDr0nGHG9dV7p8Uxg7w=
go.arcalot.io/lang v1.0.0 h1:mgDaieT4wWdZTnR4V7+/pgYRmzfU7VZZgIzHccuxAbY=
go.arcalot.io/lang v1.0.0/go.mod h1:ALqfYEhAzC2WoGLaycmJoNJd5NmkR7V1PSKp/c5D278=
go.arcalot.io/log/v2 v2.0.0 h1:mbmsWDVBXZNWrDzUh5JLzeGCQ59kTuMFs+pyfJGc1hk=
go.arcalot.io/log/v2 v2.0.0/go.mod h1:1V8jnFIIGwh2CtcGkHNOmy1nCo7LbazQNkUcnKYNMn4=
go.flow.arcalot.io/deployer v0.2.0 h1:CpkCYlB8NfpmELIEPdw3/al8XknCSfD/L2vie2lJBJo=
go.flow.arcalot.io/deployer v0.2.0/go.mod h1:xVSB+svHVPmX6yTZIU0K4U/pDbs+rezsWa69vYA+E6k=
go.flow.arcalot.io/pluginsdk v0.4.1 h1:sooyHRNCH/EIQJe+842qZJAgXHuffclFbc3hPMgbhCc=
go.flow.arcalot.io/pluginsdk v0.4.1/go.mod h1:8Gp8Q0Eo0s+2I4nNl3uQ95jPi2zFKEX7JqyjhmK7BiI=
gopkg.in/yaml.v3 v3.0.1 h1:fxVm/GzAzEWqLHuvctI91KS9hhNmmWOoWu0XTYJS7CA=
