github.com/fxamacker/cbor/v2 v2.9.1 h1:2rWm8B193Ll4VdjsJY28jxs70IdDsHRWgQYAI80+rMQ=
github.com/fxamacker/cbor/v2 v2.9.1/go.mod h1:vM4b+DJCtHn+zz7h3FFp/hDAI9WNWCsZj23V5ytsSxQ=
github.com/x448/float16 v0.8.4 h1:qLwI1I70+NjRFUR3zs1JPUCgaCXSh3SW62uAKT1mSBM=
github.com/x448/float16 v0.8.4/go.mod h1:14CWIYCyZA/cWjXOioeEpHeN/83MdbZDRQHoFcYsOfg=
go.arcalot.io/assert v1.9.0 h1:iwcznbfcfBKZ0aUYmyUNWRi8VhmabqKHEWwwP0CuJaE=
go.arcalot.io/assert v1.9.0/go.mod h1:CiNzHqQ1sRz/iYvE/l33nizMrI2X0zO5XJ0YIAYyFlo=
go.arcalot.io/exex v0.3.2 h1:moVuatyr7H70JZppua+ROYJmehoOtbQXn+k5E3dxGEk=
go.arcalot.io/exex v0.3.2/go.mod h1:99z0f24TDEILZaqTUPSMPVYLuoQEKGQVoaOO3p3Jo0U=
go.arcalot.io/lang v1.2.0 h1:FExtEbVdVT26KbeKEImQVwg2nvU5X2N3M0egl58QJJw=
go.arcalot.io/lang v1.2.0/go.mod h1:8vX8kD2lQYzoiL52cBXMM6qrnAzBVqxF8GLd5uQ2vKA=
go.arcalot.io/log/v2 v2.3.1 h1:dCD99LK43pW3yuaSfcLYPJPj0kAn4whVNeyn0ltjnQI=
go.arcalot.io/log/v2 v2.3.1/go.mod h1:UqIhMCNjPe0fySTugR0Si83c3BtMIDYuPeCM1dOjIkw=
go.flow.arcalot.io/deployer v0.7.0 h1:SLcR558jtGCYpcLCKH5LbNi27bNml+CEdg0d2OjnePc=
go.flow.arcalot.io/deployer v0.7.0/go.mod h1:RXx3jAEXg8JjfiUNHjoIhTSnpcX/cHMu31TTWTmKvyg=
go.flow.arcalot.io/pluginsdk v0.15.0 h1:MHPMaFr997WCnsRkm2YoP43WPFo+EH1pj2kAaE8hkZk=
go.flow.arcalot.io/pluginsdk v0.15.0/go.mod h1:cNkgKOBJuNhyd7c4yVwyVaDVWtF2cD0Q5mt9j1TSAjE=
golang.org/x/sys v0.43.0 h1:Rlag2XtaFTxp19wS8MXlJwTvoh8ArU6ezoyFsMyCTNI=
golang.org/x/sys v0.43.0/go.mod h1:4GL1E5IUh+htKOUEOaiffhrAeqysfVGipDYzABqnCmw=
golang.org/x/term v0.42.0 h1:UiKe+zDFmJobeJ5ggPwOshJIVt6/Ft0rcfrXZDLWAWY=
golang.org/x/term v0.42.0/go.mod h1:Dq/D+snpsbazcBG5+F9Q1n2rXV8Ma+71xEjTRufARgY=
gopkg.in/yaml.v3 v3.0.1 h1:fxVm/GzAzEWqLHuvctI91KS9hhNmmWOoWu0XTYJS7CA=
gopkg.in/yaml.v3 v3.0.1/go.mod h1:K4uyk7z7BCEPqu6E+C64Yfv1cQ7kz7rIZviUmN+EgEM=
